
Microsoft Visual Studio Solution File, Format Version 12.00
# Visual Studio Version 17
VisualStudioVersion = 17.6.33829.357
MinimumVisualStudioVersion = 10.0.40219.1
Project("{FAE04EC0-301F-11D3-BF4B-00C04F79EFBC}") = "WebApplicationMVC", "WebApplicationMVC\WebApplicationMVC.csproj", "{5B71066F-A7FF-4517-8E5A-8C4632EB9908}"
EndProject
Global
	GlobalSection(SolutionConfigurationPlatforms) = preSolution
		Debug|Any CPU = Debug|Any CPU
		Release|Any CPU = Release|Any CPU
	EndGlobalSection
	GlobalSection(ProjectConfigurationPlatforms) = postSolution
		{5B71066F-A7FF-4517-8E5A-8C4632EB9908}.Debug|Any CPU.ActiveCfg = Debug|Any CPU
		{5B71066F-A7FF-4517-8E5A-8C4632EB9908}.Debug|Any CPU.Build.0 = Debug|Any CPU
		{5B71066F-A7FF-4517-8E5A-8C4632EB9908}.Release|Any CPU.ActiveCfg = Release|Any CPU
		{5B71066F-A7FF-4517-8E5A-8C4632EB9908}.Release|Any CPU.Build.0 = Release|Any CPU
	EndGlobalSection
	GlobalSection(SolutionProperties) = preSolution
		HideSolutionNode = FALSE
	EndGlobalSection
	GlobalSection(ExtensibilityGlobals) = postSolution
		SolutionGuid = {A01060CB-CA27-4E3F-A128-71140A0854B6}
	EndGlobalSection
EndGlobal
